
Microsoft Visual Studio Solution File, Format Version 12.00
Project("{FAE04EC0-301F-11D3-BF4B-00C04F79EFBC}") = "Gizmo.Client.UI.Web.Module", "Gizmo.Client.UI.Web.Module\Gizmo.Client.UI.Web.Module.csproj", "{A860EF67-72D3-4961-9CC5-FB76BD669CFF}"
EndProject
Global
	GlobalSection(SolutionConfigurationPlatforms) = preSolution
		Debug|Any CPU = Debug|Any CPU
		Release|Any CPU = Release|Any CPU
	EndGlobalSection
	GlobalSection(ProjectConfigurationPlatforms) = postSolution
		{A860EF67-72D3-4961-9CC5-FB76BD669CFF}.Debug|Any CPU.ActiveCfg = Debug|Any CPU
		{A860EF67-72D3-4961-9CC5-FB76BD669CFF}.Debug|Any CPU.Build.0 = Debug|Any CPU
		{A860EF67-72D3-4961-9CC5-FB76BD669CFF}.Release|Any CPU.ActiveCfg = Release|Any CPU
		{A860EF67-72D3-4961-9CC5-FB76BD669CFF}.Release|Any CPU.Build.0 = Release|Any CPU
	EndGlobalSection
EndGlobal
